
Microsoft Visual Studio Solution File, Format Version 12.00
# Visual Studio Version 17
VisualStudioVersion = 17.14.36511.14 d17.14
MinimumVisualStudioVersion = 10.0.40219.1
Project("{FAE04EC0-301F-11D3-BF4B-00C04F79EFBC}") = "AppNotasMaui", "AppNotasMaui\AppNotasMaui.csproj", "{4F5A97A4-0683-4E2B-808E-10218372370A}"
EndProject
Global
	GlobalSection(SolutionConfigurationPlatforms) = preSolution
		Debug|Any CPU = Debug|Any CPU
		Release|Any CPU = Release|Any CPU
	EndGlobalSection
	GlobalSection(ProjectConfigurationPlatforms) = postSolution
		{4F5A97A4-0683-4E2B-808E-10218372370A}.Debug|Any CPU.ActiveCfg = Debug|Any CPU
		{4F5A97A4-0683-4E2B-808E-10218372370A}.Debug|Any CPU.Build.0 = Debug|Any CPU
		{4F5A97A4-0683-4E2B-808E-10218372370A}.Release|Any CPU.ActiveCfg = Release|Any CPU
		{4F5A97A4-0683-4E2B-808E-10218372370A}.Release|Any CPU.Build.0 = Release|Any CPU
	EndGlobalSection
	GlobalSection(SolutionProperties) = preSolution
		HideSolutionNode = FALSE
	EndGlobalSection
	GlobalSection(ExtensibilityGlobals) = postSolution
		SolutionGuid = {0AE760D1-70DF-4689-86CD-9F1F62ED95E0}
	EndGlobalSection
EndGlobal
